
Microsoft Visual Studio Solution File, Format Version 12.00
# Visual Studio Version 17
VisualStudioVersion = 17.0.31912.275
MinimumVisualStudioVersion = 10.0.40219.1
Project("{9A19103F-16F7-4668-BE54-9A1E7A4F7556}") = "FluentGenerator", "src\FluentGenerator\FluentGenerator.csproj", "{8D7C4008-EE61-4987-91EE-46512A546BAC}"
EndProject
Project("{2150E333-8FDC-42A3-9474-1A3956D46DE8}") = "src", "src", "{372C2612-D5FF-4218-9E61-15563474688C}"
EndProject
Project("{2150E333-8FDC-42A3-9474-1A3956D46DE8}") = "tests", "tests", "{D1C1F250-3E9E-4A66-BAE6-D6FB2D4B23A6}"
EndProject
Project("{FAE04EC0-301F-11D3-BF4B-00C04F79EFBC}") = "FluentGeneratorTests", "tests\FluentGeneratorTests\FluentGeneratorTests.csproj", "{C3B00DF1-6B2A-4211-9B53-1B4D5D3FD34F}"
EndProject
Global
	GlobalSection(SolutionConfigurationPlatforms) = preSolution
		Debug|Any CPU = Debug|Any CPU
		Release|Any CPU = Release|Any CPU
	EndGlobalSection
	GlobalSection(ProjectConfigurationPlatforms) = postSolution
		{8D7C4008-EE61-4987-91EE-46512A546BAC}.Debug|Any CPU.ActiveCfg = Debug|Any CPU
		{8D7C4008-EE61-4987-91EE-46512A546BAC}.Debug|Any CPU.Build.0 = Debug|Any CPU
		{8D7C4008-EE61-4987-91EE-46512A546BAC}.Release|Any CPU.ActiveCfg = Release|Any CPU
		{8D7C4008-EE61-4987-91EE-46512A546BAC}.Release|Any CPU.Build.0 = Release|Any CPU
		{C3B00DF1-6B2A-4211-9B53-1B4D5D3FD34F}.Debug|Any CPU.ActiveCfg = Debug|Any CPU
		{C3B00DF1-6B2A-4211-9B53-1B4D5D3FD34F}.Debug|Any CPU.Build.0 = Debug|Any CPU
		{C3B00DF1-6B2A-4211-9B53-1B4D5D3FD34F}.Release|Any CPU.ActiveCfg = Release|Any CPU
		{C3B00DF1-6B2A-4211-9B53-1B4D5D3FD34F}.Release|Any CPU.Build.0 = Release|Any CPU
	EndGlobalSection
	GlobalSection(SolutionProperties) = preSolution
		HideSolutionNode = FALSE
	EndGlobalSection
	GlobalSection(NestedProjects) = preSolution
		{8D7C4008-EE61-4987-91EE-46512A546BAC} = {372C2612-D5FF-4218-9E61-15563474688C}
		{C3B00DF1-6B2A-4211-9B53-1B4D5D3FD34F} = {D1C1F250-3E9E-4A66-BAE6-D6FB2D4B23A6}
	EndGlobalSection
	GlobalSection(ExtensibilityGlobals) = postSolution
		SolutionGuid = {BC33BA3A-330C-4DD1-A785-A74F44CC1649}
	EndGlobalSection
EndGlobal
